// !$*UTF8*$!
{
	archiveVersion = 1;
	classes = {
	};
	objectVersion = 56;
	objects = {

/* Begin PBXBuildFile section */
		55249FA22B4D77B20056BB17 /* Day24.cpp in Sources */ = {isa = PBXBuildFile; fileRef = 55249FA02B4D77B20056BB17 /* Day24.cpp */; };
		55249FA52B4D7F9E0056BB17 /* Day13.cpp in Sources */ = {isa = PBXBuildFile; fileRef = 55249FA32B4D7F9E0056BB17 /* Day13.cpp */; };
		55249FA82B4D80560056BB17 /* Day14.cpp in Sources */ = {isa = PBXBuildFile; fileRef = 55249FA62B4D80560056BB17 /* Day14.cpp */; };
		55249FAB2B4D82830056BB17 /* Day15.cpp in Sources */ = {isa = PBXBuildFile; fileRef = 55249FA92B4D82830056BB17 /* Day15.cpp */; };
		5533FF492B4C7ECD00B31363 /* Day04.cpp in Sources */ = {isa = PBXBuildFile; fileRef = 5533FF472B4C7ECD00B31363 /* Day04.cpp */; };
		5533FF4C2B4CA1FC00B31363 /* Day05.cpp in Sources */ = {isa = PBXBuildFile; fileRef = 5533FF4A2B4CA1FC00B31363 /* Day05.cpp */; };
		5533FF4F2B4CA94900B31363 /* Day06.cpp in Sources */ = {isa = PBXBuildFile; fileRef = 5533FF4D2B4CA94900B31363 /* Day06.cpp */; };
		553C1AED2B4D9B1400C86355 /* Day16.cpp in Sources */ = {isa = PBXBuildFile; fileRef = 553C1AEB2B4D9B1400C86355 /* Day16.cpp */; };
		553C1AF02B4DA05900C86355 /* Day17.cpp in Sources */ = {isa = PBXBuildFile; fileRef = 553C1AEE2B4DA05900C86355 /* Day17.cpp */; };
		553C1AF32B4DA07200C86355 /* Day18.cpp in Sources */ = {isa = PBXBuildFile; fileRef = 553C1AF12B4DA07200C86355 /* Day18.cpp */; };
		553C1AF62B4DA07900C86355 /* Day19.cpp in Sources */ = {isa = PBXBuildFile; fileRef = 553C1AF42B4DA07900C86355 /* Day19.cpp */; };
		553C1AF92B4DA07F00C86355 /* Day20.cpp in Sources */ = {isa = PBXBuildFile; fileRef = 553C1AF72B4DA07F00C86355 /* Day20.cpp */; };
		553C1AFC2B4DA33C00C86355 /* Day21.cpp in Sources */ = {isa = PBXBuildFile; fileRef = 553C1AFA2B4DA33C00C86355 /* Day21.cpp */; };
		553C1AFF2B4DA50800C86355 /* Day22.cpp in Sources */ = {isa = PBXBuildFile; fileRef = 553C1AFD2B4DA50800C86355 /* Day22.cpp */; };
		553C1B022B4DA50E00C86355 /* Day23.cpp in Sources */ = {isa = PBXBuildFile; fileRef = 553C1B002B4DA50E00C86355 /* Day23.cpp */; };
		553C1B052B4DA51600C86355 /* Day25.cpp in Sources */ = {isa = PBXBuildFile; fileRef = 553C1B032B4DA51600C86355 /* Day25.cpp */; };
		55BEEAD32B4D6C7300E5F781 /* Day11.cpp in Sources */ = {isa = PBXBuildFile; fileRef = 55BEEAD12B4D6C7300E5F781 /* Day11.cpp */; };
		55BEEAD62B4D753800E5F781 /* Day12.cpp in Sources */ = {isa = PBXBuildFile; fileRef = 55BEEAD42B4D753800E5F781 /* Day12.cpp */; };
		55D0DA4A2B4C679E00229CD2 /* main.cpp in Sources */ = {isa = PBXBuildFile; fileRef = 55D0DA492B4C679E00229CD2 /* main.cpp */; };
		55D0DA542B4C702900229CD2 /* Day01.cpp in Sources */ = {isa = PBXBuildFile; fileRef = 55D0DA532B4C702900229CD2 /* Day01.cpp */; };
		55D0DA582B4C705200229CD2 /* Day02.cpp in Sources */ = {isa = PBXBuildFile; fileRef = 55D0DA562B4C705200229CD2 /* Day02.cpp */; };
		55D0DA5D2B4C759700229CD2 /* input.txt in CopyFiles */ = {isa = PBXBuildFile; fileRef = 55D0DA5A2B4C727800229CD2 /* input.txt */; };
		55D0DA602B4C796400229CD2 /* Day03.cpp in Sources */ = {isa = PBXBuildFile; fileRef = 55D0DA5E2B4C796400229CD2 /* Day03.cpp */; };
		55DE7E0F2B4D6376002AEC9C /* Day07.cpp in Sources */ = {isa = PBXBuildFile; fileRef = 55DE7E0D2B4D6376002AEC9C /* Day07.cpp */; };
		55DE7E122B4D65EE002AEC9C /* Day08.cpp in Sources */ = {isa = PBXBuildFile; fileRef = 55DE7E102B4D65EE002AEC9C /* Day08.cpp */; };
		55DE7E152B4D672C002AEC9C /* Day09.cpp in Sources */ = {isa = PBXBuildFile; fileRef = 55DE7E132B4D672C002AEC9C /* Day09.cpp */; };
		55DE7E182B4D67BF002AEC9C /* Day10.cpp in Sources */ = {isa = PBXBuildFile; fileRef = 55DE7E162B4D67BF002AEC9C /* Day10.cpp */; };
/* End PBXBuildFile section */

/* Begin PBXCopyFilesBuildPhase section */
		55D0DA442B4C679D00229CD2 /* CopyFiles */ = {
			isa = PBXCopyFilesBuildPhase;
			buildActionMask = 2147483647;
			dstPath = /usr/share/man/man1;
			dstSubfolderSpec = 0;
			files = (
			);
			runOnlyForDeploymentPostprocessing = 1;
		};
		55D0DA5C2B4C751000229CD2 /* CopyFiles */ = {
			isa = PBXCopyFilesBuildPhase;
			buildActionMask = 2147483647;
			dstPath = "";
			dstSubfolderSpec = 16;
			files = (
				55D0DA5D2B4C759700229CD2 /* input.txt in CopyFiles */,
			);
			runOnlyForDeploymentPostprocessing = 0;
		};
/* End PBXCopyFilesBuildPhase section */

/* Begin PBXFileReference section */
		55249FA02B4D77B20056BB17 /* Day24.cpp */ = {isa = PBXFileReference; lastKnownFileType = sourcecode.cpp.cpp; path = Day24.cpp; sourceTree = "<group>"; };
		55249FA12B4D77B20056BB17 /* Day24.hpp */ = {isa = PBXFileReference; lastKnownFileType = sourcecode.cpp.h; path = Day24.hpp; sourceTree = "<group>"; };
		55249FA32B4D7F9E0056BB17 /* Day13.cpp */ = {isa = PBXFileReference; lastKnownFileType = sourcecode.cpp.cpp; path = Day13.cpp; sourceTree = "<group>"; };
		55249FA42B4D7F9E0056BB17 /* Day13.hpp */ = {isa = PBXFileReference; lastKnownFileType = sourcecode.cpp.h; path = Day13.hpp; sourceTree = "<group>"; };
		55249FA62B4D80560056BB17 /* Day14.cpp */ = {isa = PBXFileReference; lastKnownFileType = sourcecode.cpp.cpp; path = Day14.cpp; sourceTree = "<group>"; };
		55249FA72B4D80560056BB17 /* Day14.hpp */ = {isa = PBXFileReference; lastKnownFileType = sourcecode.cpp.h; path = Day14.hpp; sourceTree = "<group>"; };
		55249FA92B4D82830056BB17 /* Day15.cpp */ = {isa = PBXFileReference; lastKnownFileType = sourcecode.cpp.cpp; path = Day15.cpp; sourceTree = "<group>"; };
		55249FAA2B4D82830056BB17 /* Day15.hpp */ = {isa = PBXFileReference; lastKnownFileType = sourcecode.cpp.h; path = Day15.hpp; sourceTree = "<group>"; };
		5533FF472B4C7ECD00B31363 /* Day04.cpp */ = {isa = PBXFileReference; lastKnownFileType = sourcecode.cpp.cpp; path = Day04.cpp; sourceTree = "<group>"; };
		5533FF482B4C7ECD00B31363 /* Day04.hpp */ = {isa = PBXFileReference; lastKnownFileType = sourcecode.cpp.h; path = Day04.hpp; sourceTree = "<group>"; };
		5533FF4A2B4CA1FC00B31363 /* Day05.cpp */ = {isa = PBXFileReference; lastKnownFileType = sourcecode.cpp.cpp; path = Day05.cpp; sourceTree = "<group>"; };
		5533FF4B2B4CA1FC00B31363 /* Day05.hpp */ = {isa = PBXFileReference; lastKnownFileType = sourcecode.cpp.h; path = Day05.hpp; sourceTree = "<group>"; };
		5533FF4D2B4CA94900B31363 /* Day06.cpp */ = {isa = PBXFileReference; lastKnownFileType = sourcecode.cpp.cpp; path = Day06.cpp; sourceTree = "<group>"; };
		5533FF4E2B4CA94900B31363 /* Day06.hpp */ = {isa = PBXFileReference; lastKnownFileType = sourcecode.cpp.h; path = Day06.hpp; sourceTree = "<group>"; };
		553C1AEB2B4D9B1400C86355 /* Day16.cpp */ = {isa = PBXFileReference; lastKnownFileType = sourcecode.cpp.cpp; path = Day16.cpp; sourceTree = "<group>"; };
		553C1AEC2B4D9B1400C86355 /* Day16.hpp */ = {isa = PBXFileReference; lastKnownFileType = sourcecode.cpp.h; path = Day16.hpp; sourceTree = "<group>"; };
		553C1AEE2B4DA05900C86355 /* Day17.cpp */ = {isa = PBXFileReference; lastKnownFileType = sourcecode.cpp.cpp; path = Day17.cpp; sourceTree = "<group>"; };
		553C1AEF2B4DA05900C86355 /* Day17.hpp */ = {isa = PBXFileReference; lastKnownFileType = sourcecode.cpp.h; path = Day17.hpp; sourceTree = "<group>"; };
		553C1AF12B4DA07200C86355 /* Day18.cpp */ = {isa = PBXFileReference; lastKnownFileType = sourcecode.cpp.cpp; path = Day18.cpp; sourceTree = "<group>"; };
		553C1AF22B4DA07200C86355 /* Day18.hpp */ = {isa = PBXFileReference; lastKnownFileType = sourcecode.cpp.h; path = Day18.hpp; sourceTree = "<group>"; };
		553C1AF42B4DA07900C86355 /* Day19.cpp */ = {isa = PBXFileReference; lastKnownFileType = sourcecode.cpp.cpp; path = Day19.cpp; sourceTree = "<group>"; };
		553C1AF52B4DA07900C86355 /* Day19.hpp */ = {isa = PBXFileReference; lastKnownFileType = sourcecode.cpp.h; path = Day19.hpp; sourceTree = "<group>"; };
		553C1AF72B4DA07F00C86355 /* Day20.cpp */ = {isa = PBXFileReference; lastKnownFileType = sourcecode.cpp.cpp; path = Day20.cpp; sourceTree = "<group>"; };
		553C1AF82B4DA07F00C86355 /* Day20.hpp */ = {isa = PBXFileReference; lastKnownFileType = sourcecode.cpp.h; path = Day20.hpp; sourceTree = "<group>"; };
		553C1AFA2B4DA33C00C86355 /* Day21.cpp */ = {isa = PBXFileReference; lastKnownFileType = sourcecode.cpp.cpp; path = Day21.cpp; sourceTree = "<group>"; };
		553C1AFB2B4DA33C00C86355 /* Day21.hpp */ = {isa = PBXFileReference; lastKnownFileType = sourcecode.cpp.h; path = Day21.hpp; sourceTree = "<group>"; };
		553C1AFD2B4DA50800C86355 /* Day22.cpp */ = {isa = PBXFileReference; lastKnownFileType = sourcecode.cpp.cpp; path = Day22.cpp; sourceTree = "<group>"; };
		553C1AFE2B4DA50800C86355 /* Day22.hpp */ = {isa = PBXFileReference; lastKnownFileType = sourcecode.cpp.h; path = Day22.hpp; sourceTree = "<group>"; };
		553C1B002B4DA50E00C86355 /* Day23.cpp */ = {isa = PBXFileReference; lastKnownFileType = sourcecode.cpp.cpp; path = Day23.cpp; sourceTree = "<group>"; };
		553C1B012B4DA50E00C86355 /* Day23.hpp */ = {isa = PBXFileReference; lastKnownFileType = sourcecode.cpp.h; path = Day23.hpp; sourceTree = "<group>"; };
		553C1B032B4DA51600C86355 /* Day25.cpp */ = {isa = PBXFileReference; lastKnownFileType = sourcecode.cpp.cpp; path = Day25.cpp; sourceTree = "<group>"; };
		553C1B042B4DA51600C86355 /* Day25.hpp */ = {isa = PBXFileReference; lastKnownFileType = sourcecode.cpp.h; path = Day25.hpp; sourceTree = "<group>"; };
		55BEEAD12B4D6C7300E5F781 /* Day11.cpp */ = {isa = PBXFileReference; lastKnownFileType = sourcecode.cpp.cpp; path = Day11.cpp; sourceTree = "<group>"; };
		55BEEAD22B4D6C7300E5F781 /* Day11.hpp */ = {isa = PBXFileReference; lastKnownFileType = sourcecode.cpp.h; path = Day11.hpp; sourceTree = "<group>"; };
		55BEEAD42B4D753800E5F781 /* Day12.cpp */ = {isa = PBXFileReference; lastKnownFileType = sourcecode.cpp.cpp; path = Day12.cpp; sourceTree = "<group>"; };
		55BEEAD52B4D753800E5F781 /* Day12.hpp */ = {isa = PBXFileReference; lastKnownFileType = sourcecode.cpp.h; path = Day12.hpp; sourceTree = "<group>"; };
		55D0DA462B4C679E00229CD2 /* 2023 */ = {isa = PBXFileReference; explicitFileType = "compiled.mach-o.executable"; includeInIndex = 0; path = 2023; sourceTree = BUILT_PRODUCTS_DIR; };
		55D0DA492B4C679E00229CD2 /* main.cpp */ = {isa = PBXFileReference; lastKnownFileType = sourcecode.cpp.cpp; path = main.cpp; sourceTree = "<group>"; };
		55D0DA532B4C702900229CD2 /* Day01.cpp */ = {isa = PBXFileReference; fileEncoding = 4; lastKnownFileType = sourcecode.cpp.cpp; path = Day01.cpp; sourceTree = "<group>"; };
		55D0DA552B4C703300229CD2 /* Day01.hpp */ = {isa = PBXFileReference; fileEncoding = 4; lastKnownFileType = sourcecode.cpp.h; path = Day01.hpp; sourceTree = "<group>"; };
		55D0DA562B4C705200229CD2 /* Day02.cpp */ = {isa = PBXFileReference; lastKnownFileType = sourcecode.cpp.cpp; path = Day02.cpp; sourceTree = "<group>"; };
		55D0DA572B4C705200229CD2 /* Day02.hpp */ = {isa = PBXFileReference; lastKnownFileType = sourcecode.cpp.h; path = Day02.hpp; sourceTree = "<group>"; };
		55D0DA5A2B4C727800229CD2 /* input.txt */ = {isa = PBXFileReference; lastKnownFileType = text; path = input.txt; sourceTree = "<group>"; };
		55D0DA5E2B4C796400229CD2 /* Day03.cpp */ = {isa = PBXFileReference; lastKnownFileType = sourcecode.cpp.cpp; path = Day03.cpp; sourceTree = "<group>"; };
		55D0DA5F2B4C796400229CD2 /* Day03.hpp */ = {isa = PBXFileReference; lastKnownFileType = sourcecode.cpp.h; path = Day03.hpp; sourceTree = "<group>"; };
		55DE7E0D2B4D6376002AEC9C /* Day07.cpp */ = {isa = PBXFileReference; lastKnownFileType = sourcecode.cpp.cpp; path = Day07.cpp; sourceTree = "<group>"; };
		55DE7E0E2B4D6376002AEC9C /* Day07.hpp */ = {isa = PBXFileReference; lastKnownFileType = sourcecode.cpp.h; path = Day07.hpp; sourceTree = "<group>"; };
		55DE7E102B4D65EE002AEC9C /* Day08.cpp */ = {isa = PBXFileReference; lastKnownFileType = sourcecode.cpp.cpp; path = Day08.cpp; sourceTree = "<group>"; };
		55DE7E112B4D65EE002AEC9C /* Day08.hpp */ = {isa = PBXFileReference; lastKnownFileType = sourcecode.cpp.h; path = Day08.hpp; sourceTree = "<group>"; };
		55DE7E132B4D672C002AEC9C /* Day09.cpp */ = {isa = PBXFileReference; lastKnownFileType = sourcecode.cpp.cpp; path = Day09.cpp; sourceTree = "<group>"; };
		55DE7E142B4D672C002AEC9C /* Day09.hpp */ = {isa = PBXFileReference; lastKnownFileType = sourcecode.cpp.h; path = Day09.hpp; sourceTree = "<group>"; };
		55DE7E162B4D67BF002AEC9C /* Day10.cpp */ = {isa = PBXFileReference; lastKnownFileType = sourcecode.cpp.cpp; path = Day10.cpp; sourceTree = "<group>"; };
		55DE7E172B4D67BF002AEC9C /* Day10.hpp */ = {isa = PBXFileReference; lastKnownFileType = sourcecode.cpp.h; path = Day10.hpp; sourceTree = "<group>"; };
/* End PBXFileReference section */

/* Begin PBXFrameworksBuildPhase section */
		55D0DA432B4C679D00229CD2 /* Frameworks */ = {
			isa = PBXFrameworksBuildPhase;
			buildActionMask = 2147483647;
			files = (
			);
			runOnlyForDeploymentPostprocessing = 0;
		};
/* End PBXFrameworksBuildPhase section */

/* Begin PBXGroup section */
		55D0DA3D2B4C679D00229CD2 = {
			isa = PBXGroup;
			children = (
				55D0DA482B4C679E00229CD2 /* 2023 */,
				55D0DA472B4C679E00229CD2 /* Products */,
			);
			sourceTree = "<group>";
		};
		55D0DA472B4C679E00229CD2 /* Products */ = {
			isa = PBXGroup;
			children = (
				55D0DA462B4C679E00229CD2 /* 2023 */,
			);
			name = Products;
			sourceTree = "<group>";
		};
		55D0DA482B4C679E00229CD2 /* 2023 */ = {
			isa = PBXGroup;
			children = (
				55D0DA492B4C679E00229CD2 /* main.cpp */,
				55D0DA5A2B4C727800229CD2 /* input.txt */,
				55D0DA532B4C702900229CD2 /* Day01.cpp */,
				55D0DA552B4C703300229CD2 /* Day01.hpp */,
				55D0DA562B4C705200229CD2 /* Day02.cpp */,
				55D0DA572B4C705200229CD2 /* Day02.hpp */,
				55D0DA5E2B4C796400229CD2 /* Day03.cpp */,
				55D0DA5F2B4C796400229CD2 /* Day03.hpp */,
				5533FF472B4C7ECD00B31363 /* Day04.cpp */,
				5533FF482B4C7ECD00B31363 /* Day04.hpp */,
				5533FF4A2B4CA1FC00B31363 /* Day05.cpp */,
				5533FF4B2B4CA1FC00B31363 /* Day05.hpp */,
				5533FF4D2B4CA94900B31363 /* Day06.cpp */,
				5533FF4E2B4CA94900B31363 /* Day06.hpp */,
				55DE7E0D2B4D6376002AEC9C /* Day07.cpp */,
				55DE7E0E2B4D6376002AEC9C /* Day07.hpp */,
				55DE7E102B4D65EE002AEC9C /* Day08.cpp */,
				55DE7E112B4D65EE002AEC9C /* Day08.hpp */,
				55DE7E132B4D672C002AEC9C /* Day09.cpp */,
				55DE7E142B4D672C002AEC9C /* Day09.hpp */,
				55DE7E162B4D67BF002AEC9C /* Day10.cpp */,
				55DE7E172B4D67BF002AEC9C /* Day10.hpp */,
				55BEEAD12B4D6C7300E5F781 /* Day11.cpp */,
				55BEEAD22B4D6C7300E5F781 /* Day11.hpp */,
				55BEEAD42B4D753800E5F781 /* Day12.cpp */,
				55BEEAD52B4D753800E5F781 /* Day12.hpp */,
				55249FA32B4D7F9E0056BB17 /* Day13.cpp */,
				55249FA42B4D7F9E0056BB17 /* Day13.hpp */,
				55249FA62B4D80560056BB17 /* Day14.cpp */,
				55249FA72B4D80560056BB17 /* Day14.hpp */,
				55249FA92B4D82830056BB17 /* Day15.cpp */,
				55249FAA2B4D82830056BB17 /* Day15.hpp */,
				553C1AEB2B4D9B1400C86355 /* Day16.cpp */,
				553C1AEC2B4D9B1400C86355 /* Day16.hpp */,
				553C1AEE2B4DA05900C86355 /* Day17.cpp */,
				553C1AEF2B4DA05900C86355 /* Day17.hpp */,
				553C1AF12B4DA07200C86355 /* Day18.cpp */,
				553C1AF22B4DA07200C86355 /* Day18.hpp */,
				553C1AF42B4DA07900C86355 /* Day19.cpp */,
				553C1AF52B4DA07900C86355 /* Day19.hpp */,
				553C1AF72B4DA07F00C86355 /* Day20.cpp */,
				553C1AF82B4DA07F00C86355 /* Day20.hpp */,
				553C1AFA2B4DA33C00C86355 /* Day21.cpp */,
				553C1AFB2B4DA33C00C86355 /* Day21.hpp */,
				553C1AFD2B4DA50800C86355 /* Day22.cpp */,
				553C1AFE2B4DA50800C86355 /* Day22.hpp */,
				553C1B002B4DA50E00C86355 /* Day23.cpp */,
				553C1B012B4DA50E00C86355 /* Day23.hpp */,
				55249FA02B4D77B20056BB17 /* Day24.cpp */,
				55249FA12B4D77B20056BB17 /* Day24.hpp */,
				553C1B032B4DA51600C86355 /* Day25.cpp */,
				553C1B042B4DA51600C86355 /* Day25.hpp */,
			);
			path = 2023;
			sourceTree = "<group>";
		};
/* End PBXGroup section */

/* Begin PBXNativeTarget section */
		55D0DA452B4C679D00229CD2 /* 2023 */ = {
			isa = PBXNativeTarget;
			buildConfigurationList = 55D0DA4D2B4C679E00229CD2 /* Build configuration list for PBXNativeTarget "2023" */;
			buildPhases = (
				55D0DA422B4C679D00229CD2 /* Sources */,
				55D0DA432B4C679D00229CD2 /* Frameworks */,
				55D0DA442B4C679D00229CD2 /* CopyFiles */,
				55D0DA5C2B4C751000229CD2 /* CopyFiles */,
			);
			buildRules = (
			);
			dependencies = (
			);
			name = 2023;
			productName = 2023;
			productReference = 55D0DA462B4C679E00229CD2 /* 2023 */;
			productType = "com.apple.product-type.tool";
		};
/* End PBXNativeTarget section */

/* Begin PBXProject section */
		55D0DA3E2B4C679D00229CD2 /* Project object */ = {
			isa = PBXProject;
			attributes = {
				BuildIndependentTargetsInParallel = 1;
				LastUpgradeCheck = 1510;
				TargetAttributes = {
					55D0DA452B4C679D00229CD2 = {
						CreatedOnToolsVersion = 15.1;
					};
				};
			};
			buildConfigurationList = 55D0DA412B4C679D00229CD2 /* Build configuration list for PBXProject "2023" */;
			compatibilityVersion = "Xcode 14.0";
			developmentRegion = en;
			hasScannedForEncodings = 0;
			knownRegions = (
				en,
				Base,
			);
			mainGroup = 55D0DA3D2B4C679D00229CD2;
			productRefGroup = 55D0DA472B4C679E00229CD2 /* Products */;
			projectDirPath = "";
			projectRoot = "";
			targets = (
				55D0DA452B4C679D00229CD2 /* 2023 */,
			);
		};
/* End PBXProject section */

/* Begin PBXSourcesBuildPhase section */
		55D0DA422B4C679D00229CD2 /* Sources */ = {
			isa = PBXSourcesBuildPhase;
			buildActionMask = 2147483647;
			files = (
				553C1AF92B4DA07F00C86355 /* Day20.cpp in Sources */,
				55249FAB2B4D82830056BB17 /* Day15.cpp in Sources */,
				55D0DA4A2B4C679E00229CD2 /* main.cpp in Sources */,
				553C1AFC2B4DA33C00C86355 /* Day21.cpp in Sources */,
				55D0DA542B4C702900229CD2 /* Day01.cpp in Sources */,
				55BEEAD32B4D6C7300E5F781 /* Day11.cpp in Sources */,
				55D0DA582B4C705200229CD2 /* Day02.cpp in Sources */,
				553C1AF32B4DA07200C86355 /* Day18.cpp in Sources */,
				553C1AED2B4D9B1400C86355 /* Day16.cpp in Sources */,
				55DE7E152B4D672C002AEC9C /* Day09.cpp in Sources */,
				553C1B022B4DA50E00C86355 /* Day23.cpp in Sources */,
				55249FA52B4D7F9E0056BB17 /* Day13.cpp in Sources */,
				5533FF492B4C7ECD00B31363 /* Day04.cpp in Sources */,
				55BEEAD62B4D753800E5F781 /* Day12.cpp in Sources */,
				5533FF4F2B4CA94900B31363 /* Day06.cpp in Sources */,
				55DE7E182B4D67BF002AEC9C /* Day10.cpp in Sources */,
				55DE7E122B4D65EE002AEC9C /* Day08.cpp in Sources */,
				55D0DA602B4C796400229CD2 /* Day03.cpp in Sources */,
				5533FF4C2B4CA1FC00B31363 /* Day05.cpp in Sources */,
				553C1AF02B4DA05900C86355 /* Day17.cpp in Sources */,
				553C1AF62B4DA07900C86355 /* Day19.cpp in Sources */,
				553C1AFF2B4DA50800C86355 /* Day22.cpp in Sources */,
				55249FA82B4D80560056BB17 /* Day14.cpp in Sources */,
				55249FA22B4D77B20056BB17 /* Day24.cpp in Sources */,
				55DE7E0F2B4D6376002AEC9C /* Day07.cpp in Sources */,
				553C1B052B4DA51600C86355 /* Day25.cpp in Sources */,
			);
			runOnlyForDeploymentPostprocessing = 0;
		};
/* End PBXSourcesBuildPhase section */

/* Begin XCBuildConfiguration section */
		55D0DA4B2B4C679E00229CD2 /* Debug */ = {
			isa = XCBuildConfiguration;
			buildSettings = {
				ALWAYS_SEARCH_USER_PATHS = NO;
				ASSETCATALOG_COMPILER_GENERATE_SWIFT_ASSET_SYMBOL_EXTENSIONS = YES;
				CLANG_ANALYZER_NONNULL = YES;
				CLANG_ANALYZER_NUMBER_OBJECT_CONVERSION = YES_AGGRESSIVE;
				CLANG_CXX_LANGUAGE_STANDARD = "gnu++20";
				CLANG_ENABLE_MODULES = YES;
				CLANG_ENABLE_OBJC_ARC = YES;
				CLANG_ENABLE_OBJC_WEAK = YES;
				CLANG_WARN_BLOCK_CAPTURE_AUTORELEASING = YES;
				CLANG_WARN_BOOL_CONVERSION = YES;
				CLANG_WARN_COMMA = YES;
				CLANG_WARN_CONSTANT_CONVERSION = YES;
				CLANG_WARN_DEPRECATED_OBJC_IMPLEMENTATIONS = YES;
				CLANG_WARN_DIRECT_OBJC_ISA_USAGE = YES_ERROR;
				CLANG_WARN_DOCUMENTATION_COMMENTS = YES;
				CLANG_WARN_EMPTY_BODY = YES;
				CLANG_WARN_ENUM_CONVERSION = YES;
				CLANG_WARN_INFINITE_RECURSION = YES;
				CLANG_WARN_INT_CONVERSION = YES;
				CLANG_WARN_NON_LITERAL_NULL_CONVERSION = YES;
				CLANG_WARN_OBJC_IMPLICIT_RETAIN_SELF = YES;
				CLANG_WARN_OBJC_LITERAL_CONVERSION = YES;
				CLANG_WARN_OBJC_ROOT_CLASS = YES_ERROR;
				CLANG_WARN_QUOTED_INCLUDE_IN_FRAMEWORK_HEADER = YES;
				CLANG_WARN_RANGE_LOOP_ANALYSIS = YES;
				CLANG_WARN_STRICT_PROTOTYPES = YES;
				CLANG_WARN_SUSPICIOUS_MOVE = YES;
				CLANG_WARN_UNGUARDED_AVAILABILITY = YES_AGGRESSIVE;
				CLANG_WARN_UNREACHABLE_CODE = YES;
				CLANG_WARN__DUPLICATE_METHOD_MATCH = YES;
				COPY_PHASE_STRIP = NO;
				DEBUG_INFORMATION_FORMAT = dwarf;
				ENABLE_STRICT_OBJC_MSGSEND = YES;
				ENABLE_TESTABILITY = YES;
				ENABLE_USER_SCRIPT_SANDBOXING = YES;
				GCC_C_LANGUAGE_STANDARD = gnu17;
				GCC_DYNAMIC_NO_PIC = NO;
				GCC_NO_COMMON_BLOCKS = YES;
				GCC_OPTIMIZATION_LEVEL = 0;
				GCC_PREPROCESSOR_DEFINITIONS = (
					"DEBUG=1",
					"$(inherited)",
				);
				GCC_WARN_64_TO_32_BIT_CONVERSION = YES;
				GCC_WARN_ABOUT_RETURN_TYPE = YES_ERROR;
				GCC_WARN_UNDECLARED_SELECTOR = YES;
				GCC_WARN_UNINITIALIZED_AUTOS = YES_AGGRESSIVE;
				GCC_WARN_UNUSED_FUNCTION = YES;
				GCC_WARN_UNUSED_VARIABLE = YES;
				LOCALIZATION_PREFERS_STRING_CATALOGS = YES;
				MACOSX_DEPLOYMENT_TARGET = 14.2;
				MTL_ENABLE_DEBUG_INFO = INCLUDE_SOURCE;
				MTL_FAST_MATH = YES;
				ONLY_ACTIVE_ARCH = YES;
				SDKROOT = macosx;
			};
			name = Debug;
		};
		55D0DA4C2B4C679E00229CD2 /* Release */ = {
			isa = XCBuildConfiguration;
			buildSettings = {
				ALWAYS_SEARCH_USER_PATHS = NO;
				ASSETCATALOG_COMPILER_GENERATE_SWIFT_ASSET_SYMBOL_EXTENSIONS = YES;
				CLANG_ANALYZER_NONNULL = YES;
				CLANG_ANALYZER_NUMBER_OBJECT_CONVERSION = YES_AGGRESSIVE;
				CLANG_CXX_LANGUAGE_STANDARD = "gnu++20";
				CLANG_ENABLE_MODULES = YES;
				CLANG_ENABLE_OBJC_ARC = YES;
				CLANG_ENABLE_OBJC_WEAK = YES;
				CLANG_WARN_BLOCK_CAPTURE_AUTORELEASING = YES;
				CLANG_WARN_BOOL_CONVERSION = YES;
				CLANG_WARN_COMMA = YES;
				CLANG_WARN_CONSTANT_CONVERSION = YES;
				CLANG_WARN_DEPRECATED_OBJC_IMPLEMENTATIONS = YES;
				CLANG_WARN_DIRECT_OBJC_ISA_USAGE = YES_ERROR;
				CLANG_WARN_DOCUMENTATION_COMMENTS = YES;
				CLANG_WARN_EMPTY_BODY = YES;
				CLANG_WARN_ENUM_CONVERSION = YES;
				CLANG_WARN_INFINITE_RECURSION = YES;
				CLANG_WARN_INT_CONVERSION = YES;
				CLANG_WARN_NON_LITERAL_NULL_CONVERSION = YES;
				CLANG_WARN_OBJC_IMPLICIT_RETAIN_SELF = YES;
				CLANG_WARN_OBJC_LITERAL_CONVERSION = YES;
				CLANG_WARN_OBJC_ROOT_CLASS = YES_ERROR;
				CLANG_WARN_QUOTED_INCLUDE_IN_FRAMEWORK_HEADER = YES;
				CLANG_WARN_RANGE_LOOP_ANALYSIS = YES;
				CLANG_WARN_STRICT_PROTOTYPES = YES;
				CLANG_WARN_SUSPICIOUS_MOVE = YES;
				CLANG_WARN_UNGUARDED_AVAILABILITY = YES_AGGRESSIVE;
				CLANG_WARN_UNREACHABLE_CODE = YES;
				CLANG_WARN__DUPLICATE_METHOD_MATCH = YES;
				COPY_PHASE_STRIP = NO;
				DEBUG_INFORMATION_FORMAT = "dwarf-with-dsym";
				ENABLE_NS_ASSERTIONS = NO;
				ENABLE_STRICT_OBJC_MSGSEND = YES;
				ENABLE_USER_SCRIPT_SANDBOXING = YES;
				GCC_C_LANGUAGE_STANDARD = gnu17;
				GCC_NO_COMMON_BLOCKS = YES;
				GCC_WARN_64_TO_32_BIT_CONVERSION = YES;
				GCC_WARN_ABOUT_RETURN_TYPE = YES_ERROR;
				GCC_WARN_UNDECLARED_SELECTOR = YES;
				GCC_WARN_UNINITIALIZED_AUTOS = YES_AGGRESSIVE;
				GCC_WARN_UNUSED_FUNCTION = YES;
				GCC_WARN_UNUSED_VARIABLE = YES;
				LOCALIZATION_PREFERS_STRING_CATALOGS = YES;
				MACOSX_DEPLOYMENT_TARGET = 14.2;
				MTL_ENABLE_DEBUG_INFO = NO;
				MTL_FAST_MATH = YES;
				SDKROOT = macosx;
			};
			name = Release;
		};
		55D0DA4E2B4C679E00229CD2 /* Debug */ = {
			isa = XCBuildConfiguration;
			buildSettings = {
				CODE_SIGN_STYLE = Automatic;
				HEADER_SEARCH_PATHS = /opt/homebrew/Cellar/eigen/3.4.0_1/include/eigen3;
				PRODUCT_NAME = "$(TARGET_NAME)";
			};
			name = Debug;
		};
		55D0DA4F2B4C679E00229CD2 /* Release */ = {
			isa = XCBuildConfiguration;
			buildSettings = {
				CODE_SIGN_STYLE = Automatic;
				HEADER_SEARCH_PATHS = /opt/homebrew/Cellar/eigen/3.4.0_1/include/eigen3;
				PRODUCT_NAME = "$(TARGET_NAME)";
			};
			name = Release;
		};
/* End XCBuildConfiguration section */

/* Begin XCConfigurationList section */
		55D0DA412B4C679D00229CD2 /* Build configuration list for PBXProject "2023" */ = {
			isa = XCConfigurationList;
			buildConfigurations = (
				55D0DA4B2B4C679E00229CD2 /* Debug */,
				55D0DA4C2B4C679E00229CD2 /* Release */,
			);
			defaultConfigurationIsVisible = 0;
			defaultConfigurationName = Release;
		};
		55D0DA4D2B4C679E00229CD2 /* Build configuration list for PBXNativeTarget "2023" */ = {
			isa = XCConfigurationList;
			buildConfigurations = (
				55D0DA4E2B4C679E00229CD2 /* Debug */,
				55D0DA4F2B4C679E00229CD2 /* Release */,
			);
			defaultConfigurationIsVisible = 0;
			defaultConfigurationName = Release;
		};
/* End XCConfigurationList section */
	};
	rootObject = 55D0DA3E2B4C679D00229CD2 /* Project object */;
}
